// !$*UTF8*$!
{
	archiveVersion = 1;
	classes = {
	};
	objectVersion = 55;
	objects = {

/* Begin PBXBuildFile section */
		2D09E6842CCAD67500F19817 /* Apollo in Frameworks */ = {isa = PBXBuildFile; productRef = 2D09E6832CCAD67500F19817 /* Apollo */; };
		2D09E6892CCAD87700F19817 /* birds.graphql in Sources */ = {isa = PBXBuildFile; fileRef = 2D09E6882CCAD87200F19817 /* birds.graphql */; };
		2D09E6962CCAD8E100F19817 /* SchemaMetadata.graphql.swift in Sources */ = {isa = PBXBuildFile; fileRef = 2D09E6942CCAD8E100F19817 /* SchemaMetadata.graphql.swift */; };
		2D09E6972CCAD8E100F19817 /* SchemaConfiguration.swift in Sources */ = {isa = PBXBuildFile; fileRef = 2D09E6932CCAD8E100F19817 /* SchemaConfiguration.swift */; };
		2D09E6982CCAD8E100F19817 /* Query.graphql.swift in Sources */ = {isa = PBXBuildFile; fileRef = 2D09E6912CCAD8E100F19817 /* Query.graphql.swift */; };
		2D09E6992CCAD8E100F19817 /* BirdsQuery.graphql.swift in Sources */ = {isa = PBXBuildFile; fileRef = 2D09E68B2CCAD8E100F19817 /* BirdsQuery.graphql.swift */; };
		2D09E69A2CCAD8E100F19817 /* ID.swift in Sources */ = {isa = PBXBuildFile; fileRef = 2D09E68E2CCAD8E100F19817 /* ID.swift */; };
		2D09E69B2CCAD8E100F19817 /* Bird.graphql.swift in Sources */ = {isa = PBXBuildFile; fileRef = 2D09E6902CCAD8E100F19817 /* Bird.graphql.swift */; };
		2D09E69C2CCAD8E100F19817 /* GraphQL.graphql.swift in Sources */ = {isa = PBXBuildFile; fileRef = 2D09E68A2CCAD8E100F19817 /* GraphQL.graphql.swift */; };
		2D09E69E2CCAD95B00F19817 /* notes.graphql in Resources */ = {isa = PBXBuildFile; fileRef = 2D09E69D2CCAD95300F19817 /* notes.graphql */; };
		2D09E6A12CCADA6B00F19817 /* AddNoteMutation.graphql.swift in Sources */ = {isa = PBXBuildFile; fileRef = 2D09E69F2CCADA6B00F19817 /* AddNoteMutation.graphql.swift */; };
		2D09E6A32CCADAA800F19817 /* Mutation.graphql.swift in Sources */ = {isa = PBXBuildFile; fileRef = 2D09E6A22CCADAA800F19817 /* Mutation.graphql.swift */; };
		2D09E6A52CCADC3C00F19817 /* GraphQLClient.swift in Sources */ = {isa = PBXBuildFile; fileRef = 2D09E6A42CCADC3500F19817 /* GraphQLClient.swift */; };
		2DB8FA1828AD40F900DF01CC /* AppDelegate.swift in Sources */ = {isa = PBXBuildFile; fileRef = 2DB8FA1728AD40F900DF01CC /* AppDelegate.swift */; };
		2DB8FA1A28AD40F900DF01CC /* SceneDelegate.swift in Sources */ = {isa = PBXBuildFile; fileRef = 2DB8FA1928AD40F900DF01CC /* SceneDelegate.swift */; };
		2DB8FA2128AD40FA00DF01CC /* Assets.xcassets in Resources */ = {isa = PBXBuildFile; fileRef = 2DB8FA2028AD40FA00DF01CC /* Assets.xcassets */; };
		2DB8FA2428AD40FA00DF01CC /* LaunchScreen.storyboard in Resources */ = {isa = PBXBuildFile; fileRef = 2DB8FA2228AD40FA00DF01CC /* LaunchScreen.storyboard */; };
		346E4D202DA468E200C508CF /* BirdDetailInteractorTest.swift in Sources */ = {isa = PBXBuildFile; fileRef = 346E4D1F2DA468E200C508CF /* BirdDetailInteractorTest.swift */; };
		346E4D222DA468F900C508CF /* BirdResponse200.json in Resources */ = {isa = PBXBuildFile; fileRef = 346E4D212DA468F900C508CF /* BirdResponse200.json */; };
		346E4D252DA46C2000C508CF /* BirdAddNoteInteractorTest.swift in Sources */ = {isa = PBXBuildFile; fileRef = 346E4D242DA46C2000C508CF /* BirdAddNoteInteractorTest.swift */; };
		34768D902DA4005900ED813D /* BirdViewController+TableView.swift in Sources */ = {isa = PBXBuildFile; fileRef = 34768D8F2DA4005900ED813D /* BirdViewController+TableView.swift */; };
		34768D922DA400A100ED813D /* BirdViewController + SearchField.swift in Sources */ = {isa = PBXBuildFile; fileRef = 34768D912DA400A100ED813D /* BirdViewController + SearchField.swift */; };
		348225162D9ED27C00094E58 /* Note.graphql.swift in Sources */ = {isa = PBXBuildFile; fileRef = 348225152D9ED27B00094E58 /* Note.graphql.swift */; };
		348225372D9EDB5400094E58 /* BirdCloudDataSource.swift in Sources */ = {isa = PBXBuildFile; fileRef = 3482252E2D9EDB5400094E58 /* BirdCloudDataSource.swift */; };
		348225382D9EDB5400094E58 /* BirdLocalDataSource.swift in Sources */ = {isa = PBXBuildFile; fileRef = 3482252F2D9EDB5400094E58 /* BirdLocalDataSource.swift */; };
		348225392D9EDB5400094E58 /* BirdPresenter.swift in Sources */ = {isa = PBXBuildFile; fileRef = 348225302D9EDB5400094E58 /* BirdPresenter.swift */; };
		3482253B2D9EDB5400094E58 /* BirdViewController.swift in Sources */ = {isa = PBXBuildFile; fileRef = 348225322D9EDB5400094E58 /* BirdViewController.swift */; };
		3482253C2D9EDB5400094E58 /* BirdRouter.swift in Sources */ = {isa = PBXBuildFile; fileRef = 348225332D9EDB5400094E58 /* BirdRouter.swift */; };
		3482253D2D9EDB5400094E58 /* BirdFactory.swift in Sources */ = {isa = PBXBuildFile; fileRef = 348225342D9EDB5400094E58 /* BirdFactory.swift */; };
		3482253E2D9EDB5400094E58 /* BirdInteractor.swift in Sources */ = {isa = PBXBuildFile; fileRef = 348225352D9EDB5400094E58 /* BirdInteractor.swift */; };
		3482253F2D9EDB5400094E58 /* BirdContract.swift in Sources */ = {isa = PBXBuildFile; fileRef = 348225362D9EDB5400094E58 /* BirdContract.swift */; };
		348225452D9F113D00094E58 /* BirdCollectionViewCell.swift in Sources */ = {isa = PBXBuildFile; fileRef = 348225442D9F113D00094E58 /* BirdCollectionViewCell.swift */; };
		348225592D9F1CD800094E58 /* BirdDetailInteractor.swift in Sources */ = {isa = PBXBuildFile; fileRef = 348225522D9F1CD800094E58 /* BirdDetailInteractor.swift */; };
		3482255A2D9F1CD800094E58 /* BirdDetailPresenter.swift in Sources */ = {isa = PBXBuildFile; fileRef = 348225532D9F1CD800094E58 /* BirdDetailPresenter.swift */; };
		3482255C2D9F1CD800094E58 /* BirdDetailViewController.swift in Sources */ = {isa = PBXBuildFile; fileRef = 348225552D9F1CD800094E58 /* BirdDetailViewController.swift */; };
		3482255D2D9F1CD800094E58 /* BirdDetailFactory.swift in Sources */ = {isa = PBXBuildFile; fileRef = 348225562D9F1CD800094E58 /* BirdDetailFactory.swift */; };
		3482255E2D9F1CD800094E58 /* BirdDetailContract.swift in Sources */ = {isa = PBXBuildFile; fileRef = 348225572D9F1CD800094E58 /* BirdDetailContract.swift */; };
		3482255F2D9F1CD800094E58 /* BirdDetailRouter.swift in Sources */ = {isa = PBXBuildFile; fileRef = 348225582D9F1CD800094E58 /* BirdDetailRouter.swift */; };
		348225632D9F1D6A00094E58 /* BirdDetailCloudDataSource.swift in Sources */ = {isa = PBXBuildFile; fileRef = 348225612D9F1D6A00094E58 /* BirdDetailCloudDataSource.swift */; };
		348225642D9F1D6A00094E58 /* BirdDetailLocalDataSource.swift in Sources */ = {isa = PBXBuildFile; fileRef = 348225622D9F1D6A00094E58 /* BirdDetailLocalDataSource.swift */; };
		34D524CB2DA00A0900C8961F /* AddNoteBirdCloudDataSource.swift in Sources */ = {isa = PBXBuildFile; fileRef = 34D524C22DA00A0900C8961F /* AddNoteBirdCloudDataSource.swift */; };
		34D524CC2DA00A0900C8961F /* AddNoteBirdLocalDataSource.swift in Sources */ = {isa = PBXBuildFile; fileRef = 34D524C32DA00A0900C8961F /* AddNoteBirdLocalDataSource.swift */; };
		34D524CD2DA00A0900C8961F /* AddNoteBirdInteractor.swift in Sources */ = {isa = PBXBuildFile; fileRef = 34D524C42DA00A0900C8961F /* AddNoteBirdInteractor.swift */; };
		34D524CE2DA00A0900C8961F /* AddNoteBirdRouter.swift in Sources */ = {isa = PBXBuildFile; fileRef = 34D524C52DA00A0900C8961F /* AddNoteBirdRouter.swift */; };
		34D524D02DA00A0900C8961F /* AddNoteBirdFactory.swift in Sources */ = {isa = PBXBuildFile; fileRef = 34D524C72DA00A0900C8961F /* AddNoteBirdFactory.swift */; };
		34D524D12DA00A0900C8961F /* AddNoteBirdViewController.swift in Sources */ = {isa = PBXBuildFile; fileRef = 34D524C82DA00A0900C8961F /* AddNoteBirdViewController.swift */; };
		34D524D22DA00A0900C8961F /* AddNoteBirdPresenter.swift in Sources */ = {isa = PBXBuildFile; fileRef = 34D524C92DA00A0900C8961F /* AddNoteBirdPresenter.swift */; };
		34D524D32DA00A0900C8961F /* AddNoteBirdContract.swift in Sources */ = {isa = PBXBuildFile; fileRef = 34D524CA2DA00A0900C8961F /* AddNoteBirdContract.swift */; };
		34D524D62DA048DF00C8961F /* BirdDetailHeaderView.swift in Sources */ = {isa = PBXBuildFile; fileRef = 34D524D52DA048DF00C8961F /* BirdDetailHeaderView.swift */; };
		34D524D82DA0540900C8961F /* BirdDetailViewCell.swift in Sources */ = {isa = PBXBuildFile; fileRef = 34D524D72DA0540900C8961F /* BirdDetailViewCell.swift */; };
		34D524DB2DA0585900C8961F /* AddNoteBirdModelResponse.swift in Sources */ = {isa = PBXBuildFile; fileRef = 34D524DA2DA0585900C8961F /* AddNoteBirdModelResponse.swift */; };
		34D524DE2DA059CB00C8961F /* Utils.swift in Sources */ = {isa = PBXBuildFile; fileRef = 34D524DD2DA059CB00C8961F /* Utils.swift */; };
		34D586642DA40CD7003AAB59 /* GenericLoadingIndicatorView.swift in Sources */ = {isa = PBXBuildFile; fileRef = 34D586632DA40CD7003AAB59 /* GenericLoadingIndicatorView.swift */; };
		34D586682DA423D5003AAB59 /* bird.graphql in Resources */ = {isa = PBXBuildFile; fileRef = 34D586672DA423D5003AAB59 /* bird.graphql */; };
		34D5866A2DA423DE003AAB59 /* bird.graphql in Resources */ = {isa = PBXBuildFile; fileRef = 34D586692DA423DE003AAB59 /* bird.graphql */; };
		34D5866C2DA423E9003AAB59 /* bird.graphql in Resources */ = {isa = PBXBuildFile; fileRef = 34D5866B2DA423E9003AAB59 /* bird.graphql */; };
		34D5866E2DA42464003AAB59 /* schema.graphqls in Resources */ = {isa = PBXBuildFile; fileRef = 34D5866D2DA42464003AAB59 /* schema.graphqls */; };
		34D586702DA427AE003AAB59 /* BirdQuery.graphql.swift in Sources */ = {isa = PBXBuildFile; fileRef = 34D5866F2DA427AE003AAB59 /* BirdQuery.graphql.swift */; };
		34D586722DA42F8C003AAB59 /* Notification.swift in Sources */ = {isa = PBXBuildFile; fileRef = 34D586712DA42F8C003AAB59 /* Notification.swift */; };
		34D586742DA435B9003AAB59 /* ErrorBirdDetailViewCell.swift in Sources */ = {isa = PBXBuildFile; fileRef = 34D586732DA435B9003AAB59 /* ErrorBirdDetailViewCell.swift */; };
		34D5867C2DA44E21003AAB59 /* TakeHomeTests.swift in Sources */ = {isa = PBXBuildFile; fileRef = 34D5867B2DA44E21003AAB59 /* TakeHomeTests.swift */; };
		34D586832DA44F40003AAB59 /* BirdsResponse200.json in Resources */ = {isa = PBXBuildFile; fileRef = 34D586822DA44F40003AAB59 /* BirdsResponse200.json */; };
		34D586862DA45028003AAB59 /* BirdInteractorTest.swift in Sources */ = {isa = PBXBuildFile; fileRef = 34D586852DA45028003AAB59 /* BirdInteractorTest.swift */; };
		34EF6A252DA2EDD3001807AB /* BirdDisplayModel.swift in Sources */ = {isa = PBXBuildFile; fileRef = 34EF6A242DA2EDD3001807AB /* BirdDisplayModel.swift */; };
		34EF6A2A2DA307DE001807AB /* BirDetailDisplayModel.swift in Sources */ = {isa = PBXBuildFile; fileRef = 34EF6A292DA307DE001807AB /* BirDetailDisplayModel.swift */; };
		34EF6A2C2DA313A3001807AB /* AddNoteBirdDisplayModel.swift in Sources */ = {isa = PBXBuildFile; fileRef = 34EF6A2B2DA313A3001807AB /* AddNoteBirdDisplayModel.swift */; };
/* End PBXBuildFile section */

/* Begin PBXContainerItemProxy section */
		34D5867D2DA44E21003AAB59 /* PBXContainerItemProxy */ = {
			isa = PBXContainerItemProxy;
			containerPortal = 2DB8FA0C28AD40F900DF01CC /* Project object */;
			proxyType = 1;
			remoteGlobalIDString = 2DB8FA1328AD40F900DF01CC;
			remoteInfo = TakeHome;
		};
/* End PBXContainerItemProxy section */

/* Begin PBXFileReference section */
		2D09E6882CCAD87200F19817 /* birds.graphql */ = {isa = PBXFileReference; lastKnownFileType = text; path = birds.graphql; sourceTree = "<group>"; };
		2D09E68A2CCAD8E100F19817 /* GraphQL.graphql.swift */ = {isa = PBXFileReference; lastKnownFileType = sourcecode.swift; path = GraphQL.graphql.swift; sourceTree = "<group>"; };
		2D09E68B2CCAD8E100F19817 /* BirdsQuery.graphql.swift */ = {isa = PBXFileReference; lastKnownFileType = sourcecode.swift; path = BirdsQuery.graphql.swift; sourceTree = "<group>"; };
		2D09E68E2CCAD8E100F19817 /* ID.swift */ = {isa = PBXFileReference; lastKnownFileType = sourcecode.swift; path = ID.swift; sourceTree = "<group>"; };
		2D09E6902CCAD8E100F19817 /* Bird.graphql.swift */ = {isa = PBXFileReference; lastKnownFileType = sourcecode.swift; path = Bird.graphql.swift; sourceTree = "<group>"; };
		2D09E6912CCAD8E100F19817 /* Query.graphql.swift */ = {isa = PBXFileReference; lastKnownFileType = sourcecode.swift; path = Query.graphql.swift; sourceTree = "<group>"; };
		2D09E6932CCAD8E100F19817 /* SchemaConfiguration.swift */ = {isa = PBXFileReference; lastKnownFileType = sourcecode.swift; path = SchemaConfiguration.swift; sourceTree = "<group>"; };
		2D09E6942CCAD8E100F19817 /* SchemaMetadata.graphql.swift */ = {isa = PBXFileReference; lastKnownFileType = sourcecode.swift; path = SchemaMetadata.graphql.swift; sourceTree = "<group>"; };
		2D09E69D2CCAD95300F19817 /* notes.graphql */ = {isa = PBXFileReference; lastKnownFileType = text; path = notes.graphql; sourceTree = "<group>"; };
		2D09E69F2CCADA6B00F19817 /* AddNoteMutation.graphql.swift */ = {isa = PBXFileReference; lastKnownFileType = sourcecode.swift; path = AddNoteMutation.graphql.swift; sourceTree = "<group>"; };
		2D09E6A22CCADAA800F19817 /* Mutation.graphql.swift */ = {isa = PBXFileReference; lastKnownFileType = sourcecode.swift; path = Mutation.graphql.swift; sourceTree = "<group>"; };
		2D09E6A42CCADC3500F19817 /* GraphQLClient.swift */ = {isa = PBXFileReference; lastKnownFileType = sourcecode.swift; path = GraphQLClient.swift; sourceTree = "<group>"; };
		2DB8FA1428AD40F900DF01CC /* TakeHome.app */ = {isa = PBXFileReference; explicitFileType = wrapper.application; includeInIndex = 0; path = TakeHome.app; sourceTree = BUILT_PRODUCTS_DIR; };
		2DB8FA1728AD40F900DF01CC /* AppDelegate.swift */ = {isa = PBXFileReference; lastKnownFileType = sourcecode.swift; path = AppDelegate.swift; sourceTree = "<group>"; };
		2DB8FA1928AD40F900DF01CC /* SceneDelegate.swift */ = {isa = PBXFileReference; lastKnownFileType = sourcecode.swift; path = SceneDelegate.swift; sourceTree = "<group>"; };
		2DB8FA2028AD40FA00DF01CC /* Assets.xcassets */ = {isa = PBXFileReference; lastKnownFileType = folder.assetcatalog; path = Assets.xcassets; sourceTree = "<group>"; };
		2DB8FA2328AD40FA00DF01CC /* Base */ = {isa = PBXFileReference; lastKnownFileType = file.storyboard; name = Base; path = Base.lproj/LaunchScreen.storyboard; sourceTree = "<group>"; };
		2DB8FA2528AD40FA00DF01CC /* Info.plist */ = {isa = PBXFileReference; lastKnownFileType = text.plist.xml; path = Info.plist; sourceTree = "<group>"; };
		346E4D1F2DA468E200C508CF /* BirdDetailInteractorTest.swift */ = {isa = PBXFileReference; lastKnownFileType = sourcecode.swift; path = BirdDetailInteractorTest.swift; sourceTree = "<group>"; };
		346E4D212DA468F900C508CF /* BirdResponse200.json */ = {isa = PBXFileReference; fileEncoding = 4; lastKnownFileType = text.json; path = BirdResponse200.json; sourceTree = "<group>"; };
		346E4D242DA46C2000C508CF /* BirdAddNoteInteractorTest.swift */ = {isa = PBXFileReference; lastKnownFileType = sourcecode.swift; path = BirdAddNoteInteractorTest.swift; sourceTree = "<group>"; };
		34768D8F2DA4005900ED813D /* BirdViewController+TableView.swift */ = {isa = PBXFileReference; lastKnownFileType = sourcecode.swift; path = "BirdViewController+TableView.swift"; sourceTree = "<group>"; };
		34768D912DA400A100ED813D /* BirdViewController + SearchField.swift */ = {isa = PBXFileReference; lastKnownFileType = sourcecode.swift; path = "BirdViewController + SearchField.swift"; sourceTree = "<group>"; };
		348225152D9ED27B00094E58 /* Note.graphql.swift */ = {isa = PBXFileReference; fileEncoding = 4; lastKnownFileType = sourcecode.swift; path = Note.graphql.swift; sourceTree = "<group>"; };
		3482252E2D9EDB5400094E58 /* BirdCloudDataSource.swift */ = {isa = PBXFileReference; fileEncoding = 4; lastKnownFileType = sourcecode.swift; path = BirdCloudDataSource.swift; sourceTree = "<group>"; };
		3482252F2D9EDB5400094E58 /* BirdLocalDataSource.swift */ = {isa = PBXFileReference; fileEncoding = 4; lastKnownFileType = sourcecode.swift; path = BirdLocalDataSource.swift; sourceTree = "<group>"; };
		348225302D9EDB5400094E58 /* BirdPresenter.swift */ = {isa = PBXFileReference; fileEncoding = 4; lastKnownFileType = sourcecode.swift; path = BirdPresenter.swift; sourceTree = "<group>"; };
		348225322D9EDB5400094E58 /* BirdViewController.swift */ = {isa = PBXFileReference; fileEncoding = 4; lastKnownFileType = sourcecode.swift; path = BirdViewController.swift; sourceTree = "<group>"; };
		348225332D9EDB5400094E58 /* BirdRouter.swift */ = {isa = PBXFileReference; fileEncoding = 4; lastKnownFileType = sourcecode.swift; path = BirdRouter.swift; sourceTree = "<group>"; };
		348225342D9EDB5400094E58 /* BirdFactory.swift */ = {isa = PBXFileReference; fileEncoding = 4; lastKnownFileType = sourcecode.swift; path = BirdFactory.swift; sourceTree = "<group>"; };
		348225352D9EDB5400094E58 /* BirdInteractor.swift */ = {isa = PBXFileReference; fileEncoding = 4; lastKnownFileType = sourcecode.swift; path = BirdInteractor.swift; sourceTree = "<group>"; };
		348225362D9EDB5400094E58 /* BirdContract.swift */ = {isa = PBXFileReference; fileEncoding = 4; lastKnownFileType = sourcecode.swift; path = BirdContract.swift; sourceTree = "<group>"; };
		348225442D9F113D00094E58 /* BirdCollectionViewCell.swift */ = {isa = PBXFileReference; lastKnownFileType = sourcecode.swift; path = BirdCollectionViewCell.swift; sourceTree = "<group>"; };
		348225522D9F1CD800094E58 /* BirdDetailInteractor.swift */ = {isa = PBXFileReference; fileEncoding = 4; lastKnownFileType = sourcecode.swift; path = BirdDetailInteractor.swift; sourceTree = "<group>"; };
		348225532D9F1CD800094E58 /* BirdDetailPresenter.swift */ = {isa = PBXFileReference; fileEncoding = 4; lastKnownFileType = sourcecode.swift; path = BirdDetailPresenter.swift; sourceTree = "<group>"; };
		348225552D9F1CD800094E58 /* BirdDetailViewController.swift */ = {isa = PBXFileReference; fileEncoding = 4; lastKnownFileType = sourcecode.swift; path = BirdDetailViewController.swift; sourceTree = "<group>"; };
		348225562D9F1CD800094E58 /* BirdDetailFactory.swift */ = {isa = PBXFileReference; fileEncoding = 4; lastKnownFileType = sourcecode.swift; path = BirdDetailFactory.swift; sourceTree = "<group>"; };
		348225572D9F1CD800094E58 /* BirdDetailContract.swift */ = {isa = PBXFileReference; fileEncoding = 4; lastKnownFileType = sourcecode.swift; path = BirdDetailContract.swift; sourceTree = "<group>"; };
		348225582D9F1CD800094E58 /* BirdDetailRouter.swift */ = {isa = PBXFileReference; fileEncoding = 4; lastKnownFileType = sourcecode.swift; path = BirdDetailRouter.swift; sourceTree = "<group>"; };
		348225612D9F1D6A00094E58 /* BirdDetailCloudDataSource.swift */ = {isa = PBXFileReference; fileEncoding = 4; lastKnownFileType = sourcecode.swift; path = BirdDetailCloudDataSource.swift; sourceTree = "<group>"; };
		348225622D9F1D6A00094E58 /* BirdDetailLocalDataSource.swift */ = {isa = PBXFileReference; fileEncoding = 4; lastKnownFileType = sourcecode.swift; path = BirdDetailLocalDataSource.swift; sourceTree = "<group>"; };
		34D524C22DA00A0900C8961F /* AddNoteBirdCloudDataSource.swift */ = {isa = PBXFileReference; fileEncoding = 4; lastKnownFileType = sourcecode.swift; path = AddNoteBirdCloudDataSource.swift; sourceTree = "<group>"; };
		34D524C32DA00A0900C8961F /* AddNoteBirdLocalDataSource.swift */ = {isa = PBXFileReference; fileEncoding = 4; lastKnownFileType = sourcecode.swift; path = AddNoteBirdLocalDataSource.swift; sourceTree = "<group>"; };
		34D524C42DA00A0900C8961F /* AddNoteBirdInteractor.swift */ = {isa = PBXFileReference; fileEncoding = 4; lastKnownFileType = sourcecode.swift; path = AddNoteBirdInteractor.swift; sourceTree = "<group>"; };
		34D524C52DA00A0900C8961F /* AddNoteBirdRouter.swift */ = {isa = PBXFileReference; fileEncoding = 4; lastKnownFileType = sourcecode.swift; path = AddNoteBirdRouter.swift; sourceTree = "<group>"; };
		34D524C72DA00A0900C8961F /* AddNoteBirdFactory.swift */ = {isa = PBXFileReference; fileEncoding = 4; lastKnownFileType = sourcecode.swift; path = AddNoteBirdFactory.swift; sourceTree = "<group>"; };
		34D524C82DA00A0900C8961F /* AddNoteBirdViewController.swift */ = {isa = PBXFileReference; fileEncoding = 4; lastKnownFileType = sourcecode.swift; path = AddNoteBirdViewController.swift; sourceTree = "<group>"; };
		34D524C92DA00A0900C8961F /* AddNoteBirdPresenter.swift */ = {isa = PBXFileReference; fileEncoding = 4; lastKnownFileType = sourcecode.swift; path = AddNoteBirdPresenter.swift; sourceTree = "<group>"; };
		34D524CA2DA00A0900C8961F /* AddNoteBirdContract.swift */ = {isa = PBXFileReference; fileEncoding = 4; lastKnownFileType = sourcecode.swift; path = AddNoteBirdContract.swift; sourceTree = "<group>"; };
		34D524D52DA048DF00C8961F /* BirdDetailHeaderView.swift */ = {isa = PBXFileReference; lastKnownFileType = sourcecode.swift; path = BirdDetailHeaderView.swift; sourceTree = "<group>"; };
		34D524D72DA0540900C8961F /* BirdDetailViewCell.swift */ = {isa = PBXFileReference; lastKnownFileType = sourcecode.swift; path = BirdDetailViewCell.swift; sourceTree = "<group>"; };
		34D524DA2DA0585900C8961F /* AddNoteBirdModelResponse.swift */ = {isa = PBXFileReference; lastKnownFileType = sourcecode.swift; path = AddNoteBirdModelResponse.swift; sourceTree = "<group>"; };
		34D524DD2DA059CB00C8961F /* Utils.swift */ = {isa = PBXFileReference; lastKnownFileType = sourcecode.swift; path = Utils.swift; sourceTree = "<group>"; };
		34D586632DA40CD7003AAB59 /* GenericLoadingIndicatorView.swift */ = {isa = PBXFileReference; lastKnownFileType = sourcecode.swift; path = GenericLoadingIndicatorView.swift; sourceTree = "<group>"; };
		34D586672DA423D5003AAB59 /* bird.graphql */ = {isa = PBXFileReference; lastKnownFileType = text; name = bird.graphql; path = TakeHome/API/bird.graphql; sourceTree = SOURCE_ROOT; };
		34D586692DA423DE003AAB59 /* bird.graphql */ = {isa = PBXFileReference; lastKnownFileType = text; name = bird.graphql; path = TakeHome/API/bird.graphql; sourceTree = SOURCE_ROOT; };
		34D5866B2DA423E9003AAB59 /* bird.graphql */ = {isa = PBXFileReference; fileEncoding = 4; lastKnownFileType = text; path = bird.graphql; sourceTree = "<group>"; };
		34D5866D2DA42464003AAB59 /* schema.graphqls */ = {isa = PBXFileReference; fileEncoding = 4; lastKnownFileType = text; path = schema.graphqls; sourceTree = "<group>"; };
		34D5866F2DA427AE003AAB59 /* BirdQuery.graphql.swift */ = {isa = PBXFileReference; fileEncoding = 4; lastKnownFileType = sourcecode.swift; path = BirdQuery.graphql.swift; sourceTree = "<group>"; };
		34D586712DA42F8C003AAB59 /* Notification.swift */ = {isa = PBXFileReference; lastKnownFileType = sourcecode.swift; path = Notification.swift; sourceTree = "<group>"; };
		34D586732DA435B9003AAB59 /* ErrorBirdDetailViewCell.swift */ = {isa = PBXFileReference; lastKnownFileType = sourcecode.swift; path = ErrorBirdDetailViewCell.swift; sourceTree = "<group>"; };
		34D586792DA44E21003AAB59 /* TakeHomeTests.xctest */ = {isa = PBXFileReference; explicitFileType = wrapper.cfbundle; includeInIndex = 0; path = TakeHomeTests.xctest; sourceTree = BUILT_PRODUCTS_DIR; };
		34D5867B2DA44E21003AAB59 /* TakeHomeTests.swift */ = {isa = PBXFileReference; lastKnownFileType = sourcecode.swift; path = TakeHomeTests.swift; sourceTree = "<group>"; };
		34D586822DA44F40003AAB59 /* BirdsResponse200.json */ = {isa = PBXFileReference; fileEncoding = 4; lastKnownFileType = text.json; path = BirdsResponse200.json; sourceTree = "<group>"; };
		34D586852DA45028003AAB59 /* BirdInteractorTest.swift */ = {isa = PBXFileReference; lastKnownFileType = sourcecode.swift; path = BirdInteractorTest.swift; sourceTree = "<group>"; };
		34EF6A242DA2EDD3001807AB /* BirdDisplayModel.swift */ = {isa = PBXFileReference; lastKnownFileType = sourcecode.swift; path = BirdDisplayModel.swift; sourceTree = "<group>"; };
		34EF6A292DA307DE001807AB /* BirDetailDisplayModel.swift */ = {isa = PBXFileReference; lastKnownFileType = sourcecode.swift; path = BirDetailDisplayModel.swift; sourceTree = "<group>"; };
		34EF6A2B2DA313A3001807AB /* AddNoteBirdDisplayModel.swift */ = {isa = PBXFileReference; lastKnownFileType = sourcecode.swift; path = AddNoteBirdDisplayModel.swift; sourceTree = "<group>"; };
/* End PBXFileReference section */

/* Begin PBXFrameworksBuildPhase section */
		2DB8FA1128AD40F900DF01CC /* Frameworks */ = {
			isa = PBXFrameworksBuildPhase;
			buildActionMask = 2147483647;
			files = (
				2D09E6842CCAD67500F19817 /* Apollo in Frameworks */,
			);
			runOnlyForDeploymentPostprocessing = 0;
		};
		34D586762DA44E21003AAB59 /* Frameworks */ = {
			isa = PBXFrameworksBuildPhase;
			buildActionMask = 2147483647;
			files = (
			);
			runOnlyForDeploymentPostprocessing = 0;
		};
/* End PBXFrameworksBuildPhase section */

/* Begin PBXGroup section */
		2D09E6852CCAD69300F19817 /* API */ = {
			isa = PBXGroup;
			children = (
				2D09E6A42CCADC3500F19817 /* GraphQLClient.swift */,
				2D09E68A2CCAD8E100F19817 /* GraphQL.graphql.swift */,
				34D524DC2DA059A700C8961F /* Utis */,
				2D09E68D2CCAD8E100F19817 /* Operations */,
				2D09E6952CCAD8E100F19817 /* Schema */,
				2D09E6882CCAD87200F19817 /* birds.graphql */,
				2D09E69D2CCAD95300F19817 /* notes.graphql */,
				34D5866B2DA423E9003AAB59 /* bird.graphql */,
				34D5866D2DA42464003AAB59 /* schema.graphqls */,
			);
			path = API;
			sourceTree = "<group>";
		};
		2D09E68C2CCAD8E100F19817 /* Queries */ = {
			isa = PBXGroup;
			children = (
				34D5866F2DA427AE003AAB59 /* BirdQuery.graphql.swift */,
				2D09E68B2CCAD8E100F19817 /* BirdsQuery.graphql.swift */,
			);
			path = Queries;
			sourceTree = "<group>";
		};
		2D09E68D2CCAD8E100F19817 /* Operations */ = {
			isa = PBXGroup;
			children = (
				2D09E6A02CCADA6B00F19817 /* Mutations */,
				2D09E68C2CCAD8E100F19817 /* Queries */,
			);
			path = Operations;
			sourceTree = "<group>";
		};
		2D09E68F2CCAD8E100F19817 /* CustomScalars */ = {
			isa = PBXGroup;
			children = (
				2D09E68E2CCAD8E100F19817 /* ID.swift */,
			);
			path = CustomScalars;
			sourceTree = "<group>";
		};
		2D09E6922CCAD8E100F19817 /* Objects */ = {
			isa = PBXGroup;
			children = (
				348225152D9ED27B00094E58 /* Note.graphql.swift */,
				2D09E6902CCAD8E100F19817 /* Bird.graphql.swift */,
				2D09E6A22CCADAA800F19817 /* Mutation.graphql.swift */,
				2D09E6912CCAD8E100F19817 /* Query.graphql.swift */,
			);
			path = Objects;
			sourceTree = "<group>";
		};
		2D09E6952CCAD8E100F19817 /* Schema */ = {
			isa = PBXGroup;
			children = (
				34D586672DA423D5003AAB59 /* bird.graphql */,
				34D586692DA423DE003AAB59 /* bird.graphql */,
				2D09E68F2CCAD8E100F19817 /* CustomScalars */,
				2D09E6922CCAD8E100F19817 /* Objects */,
				2D09E6932CCAD8E100F19817 /* SchemaConfiguration.swift */,
				2D09E6942CCAD8E100F19817 /* SchemaMetadata.graphql.swift */,
			);
			path = Schema;
			sourceTree = "<group>";
		};
		2D09E6A02CCADA6B00F19817 /* Mutations */ = {
			isa = PBXGroup;
			children = (
				2D09E69F2CCADA6B00F19817 /* AddNoteMutation.graphql.swift */,
			);
			path = Mutations;
			sourceTree = "<group>";
		};
		2DB8FA0B28AD40F900DF01CC = {
			isa = PBXGroup;
			children = (
				2DB8FA1628AD40F900DF01CC /* TakeHome */,
				34D5867A2DA44E21003AAB59 /* TakeHomeTests */,
				2DB8FA1528AD40F900DF01CC /* Products */,
			);
			sourceTree = "<group>";
		};
		2DB8FA1528AD40F900DF01CC /* Products */ = {
			isa = PBXGroup;
			children = (
				2DB8FA1428AD40F900DF01CC /* TakeHome.app */,
				34D586792DA44E21003AAB59 /* TakeHomeTests.xctest */,
			);
			name = Products;
			sourceTree = "<group>";
		};
		2DB8FA1628AD40F900DF01CC /* TakeHome */ = {
			isa = PBXGroup;
			children = (
				34768D932DA404EA00ED813D /* Utils */,
				34D524C02DA00A0900C8961F /* AddNoteBird */,
				348225512D9F1CD800094E58 /* BirdDetail */,
				3482252C2D9EDB5400094E58 /* Bird */,
				2D09E6852CCAD69300F19817 /* API */,
				2DB8FA1728AD40F900DF01CC /* AppDelegate.swift */,
				2DB8FA1928AD40F900DF01CC /* SceneDelegate.swift */,
				2DB8FA2028AD40FA00DF01CC /* Assets.xcassets */,
				2DB8FA2228AD40FA00DF01CC /* LaunchScreen.storyboard */,
				2DB8FA2528AD40FA00DF01CC /* Info.plist */,
			);
			path = TakeHome;
			sourceTree = "<group>";
		};
		346E4D1E2DA468C400C508CF /* BirdDetailInteractorTest */ = {
			isa = PBXGroup;
			children = (
				346E4D212DA468F900C508CF /* BirdResponse200.json */,
				346E4D1F2DA468E200C508CF /* BirdDetailInteractorTest.swift */,
			);
			path = BirdDetailInteractorTest;
			sourceTree = "<group>";
		};
		346E4D232DA46C0200C508CF /* BirdAddNoteInteractorTest */ = {
			isa = PBXGroup;
			children = (
				346E4D242DA46C2000C508CF /* BirdAddNoteInteractorTest.swift */,
			);
			path = BirdAddNoteInteractorTest;
			sourceTree = "<group>";
		};
		34768D8E2DA4004C00ED813D /* Extensions */ = {
			isa = PBXGroup;
			children = (
				34768D8F2DA4005900ED813D /* BirdViewController+TableView.swift */,
				34768D912DA400A100ED813D /* BirdViewController + SearchField.swift */,
			);
			path = Extensions;
			sourceTree = "<group>";
		};
		34768D932DA404EA00ED813D /* Utils */ = {
			isa = PBXGroup;
			children = (
				34D586632DA40CD7003AAB59 /* GenericLoadingIndicatorView.swift */,
				34D586712DA42F8C003AAB59 /* Notification.swift */,
			);
			path = Utils;
			sourceTree = "<group>";
		};
		3482252C2D9EDB5400094E58 /* Bird */ = {
			isa = PBXGroup;
			children = (
				34768D8E2DA4004C00ED813D /* Extensions */,
				348225432D9F111300094E58 /* Components */,
				348225402D9EDFD400094E58 /* Entities */,
				3482252D2D9EDB5400094E58 /* DataSource */,
				348225332D9EDB5400094E58 /* BirdRouter.swift */,
				348225352D9EDB5400094E58 /* BirdInteractor.swift */,
				348225342D9EDB5400094E58 /* BirdFactory.swift */,
				348225322D9EDB5400094E58 /* BirdViewController.swift */,
				348225302D9EDB5400094E58 /* BirdPresenter.swift */,
				348225362D9EDB5400094E58 /* BirdContract.swift */,
			);
			path = Bird;
			sourceTree = "<group>";
		};
		3482252D2D9EDB5400094E58 /* DataSource */ = {
			isa = PBXGroup;
			children = (
				3482252E2D9EDB5400094E58 /* BirdCloudDataSource.swift */,
				3482252F2D9EDB5400094E58 /* BirdLocalDataSource.swift */,
			);
			path = DataSource;
			sourceTree = "<group>";
		};
		348225402D9EDFD400094E58 /* Entities */ = {
			isa = PBXGroup;
			children = (
				34EF6A242DA2EDD3001807AB /* BirdDisplayModel.swift */,
			);
			path = Entities;
			sourceTree = "<group>";
		};
		348225432D9F111300094E58 /* Components */ = {
			isa = PBXGroup;
			children = (
				348225442D9F113D00094E58 /* BirdCollectionViewCell.swift */,
			);
			path = Components;
			sourceTree = "<group>";
		};
		348225512D9F1CD800094E58 /* BirdDetail */ = {
			isa = PBXGroup;
			children = (
				34EF6A282DA307CF001807AB /* Entities */,
				34D524D42DA048CE00C8961F /* Components */,
				348225602D9F1D6A00094E58 /* DataSource */,
				348225522D9F1CD800094E58 /* BirdDetailInteractor.swift */,
				348225582D9F1CD800094E58 /* BirdDetailRouter.swift */,
				348225562D9F1CD800094E58 /* BirdDetailFactory.swift */,
				348225552D9F1CD800094E58 /* BirdDetailViewController.swift */,
				348225532D9F1CD800094E58 /* BirdDetailPresenter.swift */,
				348225572D9F1CD800094E58 /* BirdDetailContract.swift */,
			);
			path = BirdDetail;
			sourceTree = "<group>";
		};
		348225602D9F1D6A00094E58 /* DataSource */ = {
			isa = PBXGroup;
			children = (
				348225612D9F1D6A00094E58 /* BirdDetailCloudDataSource.swift */,
				348225622D9F1D6A00094E58 /* BirdDetailLocalDataSource.swift */,
			);
			path = DataSource;
			sourceTree = "<group>";
		};
		34D524C02DA00A0900C8961F /* AddNoteBird */ = {
			isa = PBXGroup;
			children = (
				34D524D92DA0583900C8961F /* Entities */,
				34D524C12DA00A0900C8961F /* DataSource */,
				34D524C42DA00A0900C8961F /* AddNoteBirdInteractor.swift */,
				34D524C52DA00A0900C8961F /* AddNoteBirdRouter.swift */,
				34D524C72DA00A0900C8961F /* AddNoteBirdFactory.swift */,
				34D524C82DA00A0900C8961F /* AddNoteBirdViewController.swift */,
				34D524C92DA00A0900C8961F /* AddNoteBirdPresenter.swift */,
				34D524CA2DA00A0900C8961F /* AddNoteBirdContract.swift */,
			);
			path = AddNoteBird;
			sourceTree = "<group>";
		};
		34D524C12DA00A0900C8961F /* DataSource */ = {
			isa = PBXGroup;
			children = (
				34D524C22DA00A0900C8961F /* AddNoteBirdCloudDataSource.swift */,
				34D524C32DA00A0900C8961F /* AddNoteBirdLocalDataSource.swift */,
			);
			path = DataSource;
			sourceTree = "<group>";
		};
		34D524D42DA048CE00C8961F /* Components */ = {
			isa = PBXGroup;
			children = (
				34D524D52DA048DF00C8961F /* BirdDetailHeaderView.swift */,
				34D524D72DA0540900C8961F /* BirdDetailViewCell.swift */,
				34D586732DA435B9003AAB59 /* ErrorBirdDetailViewCell.swift */,
			);
			path = Components;
			sourceTree = "<group>";
		};
		34D524D92DA0583900C8961F /* Entities */ = {
			isa = PBXGroup;
			children = (
				34D524DA2DA0585900C8961F /* AddNoteBirdModelResponse.swift */,
				34EF6A2B2DA313A3001807AB /* AddNoteBirdDisplayModel.swift */,
			);
			path = Entities;
			sourceTree = "<group>";
		};
		34D524DC2DA059A700C8961F /* Utis */ = {
			isa = PBXGroup;
			children = (
				34D524DD2DA059CB00C8961F /* Utils.swift */,
			);
			path = Utis;
			sourceTree = "<group>";
		};
		34D5867A2DA44E21003AAB59 /* TakeHomeTests */ = {
			isa = PBXGroup;
			children = (
				346E4D232DA46C0200C508CF /* BirdAddNoteInteractorTest */,
				346E4D1E2DA468C400C508CF /* BirdDetailInteractorTest */,
				34D586842DA44F43003AAB59 /* BirdInteractorTest */,
				34D5867B2DA44E21003AAB59 /* TakeHomeTests.swift */,
			);
			path = TakeHomeTests;
			sourceTree = "<group>";
		};
		34D586842DA44F43003AAB59 /* BirdInteractorTest */ = {
			isa = PBXGroup;
			children = (
				34D586822DA44F40003AAB59 /* BirdsResponse200.json */,
				34D586852DA45028003AAB59 /* BirdInteractorTest.swift */,
			);
			path = BirdInteractorTest;
			sourceTree = "<group>";
		};
		34EF6A282DA307CF001807AB /* Entities */ = {
			isa = PBXGroup;
			children = (
				34EF6A292DA307DE001807AB /* BirDetailDisplayModel.swift */,
			);
			path = Entities;
			sourceTree = "<group>";
		};
/* End PBXGroup section */

/* Begin PBXNativeTarget section */
		2DB8FA1328AD40F900DF01CC /* TakeHome */ = {
			isa = PBXNativeTarget;
			buildConfigurationList = 2DB8FA2828AD40FA00DF01CC /* Build configuration list for PBXNativeTarget "TakeHome" */;
			buildPhases = (
				2DB8FA1028AD40F900DF01CC /* Sources */,
				2DB8FA1128AD40F900DF01CC /* Frameworks */,
				2DB8FA1228AD40F900DF01CC /* Resources */,
			);
			buildRules = (
			);
			dependencies = (
			);
			name = TakeHome;
			productName = TakeHome;
			productReference = 2DB8FA1428AD40F900DF01CC /* TakeHome.app */;
			productType = "com.apple.product-type.application";
		};
		34D586782DA44E21003AAB59 /* TakeHomeTests */ = {
			isa = PBXNativeTarget;
			buildConfigurationList = 34D5867F2DA44E21003AAB59 /* Build configuration list for PBXNativeTarget "TakeHomeTests" */;
			buildPhases = (
				34D586752DA44E21003AAB59 /* Sources */,
				34D586762DA44E21003AAB59 /* Frameworks */,
				34D586772DA44E21003AAB59 /* Resources */,
			);
			buildRules = (
			);
			dependencies = (
				34D5867E2DA44E21003AAB59 /* PBXTargetDependency */,
			);
			name = TakeHomeTests;
			productName = TakeHomeTests;
			productReference = 34D586792DA44E21003AAB59 /* TakeHomeTests.xctest */;
			productType = "com.apple.product-type.bundle.unit-test";
		};
/* End PBXNativeTarget section */

/* Begin PBXProject section */
		2DB8FA0C28AD40F900DF01CC /* Project object */ = {
			isa = PBXProject;
			attributes = {
				BuildIndependentTargetsInParallel = 1;
				LastSwiftUpdateCheck = 1500;
				LastUpgradeCheck = 1340;
				TargetAttributes = {
					2DB8FA1328AD40F900DF01CC = {
						CreatedOnToolsVersion = 13.4.1;
					};
					34D586782DA44E21003AAB59 = {
						CreatedOnToolsVersion = 15.0.1;
						TestTargetID = 2DB8FA1328AD40F900DF01CC;
					};
				};
			};
			buildConfigurationList = 2DB8FA0F28AD40F900DF01CC /* Build configuration list for PBXProject "TakeHome" */;
			compatibilityVersion = "Xcode 13.0";
			developmentRegion = en;
			hasScannedForEncodings = 0;
			knownRegions = (
				en,
				Base,
			);
			mainGroup = 2DB8FA0B28AD40F900DF01CC;
			packageReferences = (
				2D09E6822CCAD67500F19817 /* XCRemoteSwiftPackageReference "apollo-ios" */,
			);
			productRefGroup = 2DB8FA1528AD40F900DF01CC /* Products */;
			projectDirPath = "";
			projectRoot = "";
			targets = (
				2DB8FA1328AD40F900DF01CC /* TakeHome */,
				34D586782DA44E21003AAB59 /* TakeHomeTests */,
			);
		};
/* End PBXProject section */

/* Begin PBXResourcesBuildPhase section */
		2DB8FA1228AD40F900DF01CC /* Resources */ = {
			isa = PBXResourcesBuildPhase;
			buildActionMask = 2147483647;
			files = (
				34D586682DA423D5003AAB59 /* bird.graphql in Resources */,
				2DB8FA2428AD40FA00DF01CC /* LaunchScreen.storyboard in Resources */,
				34D5866A2DA423DE003AAB59 /* bird.graphql in Resources */,
				2DB8FA2128AD40FA00DF01CC /* Assets.xcassets in Resources */,
				34D5866C2DA423E9003AAB59 /* bird.graphql in Resources */,
				2D09E69E2CCAD95B00F19817 /* notes.graphql in Resources */,
				34D5866E2DA42464003AAB59 /* schema.graphqls in Resources */,
			);
			runOnlyForDeploymentPostprocessing = 0;
		};
		34D586772DA44E21003AAB59 /* Resources */ = {
			isa = PBXResourcesBuildPhase;
			buildActionMask = 2147483647;
			files = (
				346E4D222DA468F900C508CF /* BirdResponse200.json in Resources */,
				34D586832DA44F40003AAB59 /* BirdsResponse200.json in Resources */,
			);
			runOnlyForDeploymentPostprocessing = 0;
		};
/* End PBXResourcesBuildPhase section */

/* Begin PBXSourcesBuildPhase section */
		2DB8FA1028AD40F900DF01CC /* Sources */ = {
			isa = PBXSourcesBuildPhase;
			buildActionMask = 2147483647;
			files = (
				34EF6A2C2DA313A3001807AB /* AddNoteBirdDisplayModel.swift in Sources */,
				3482253D2D9EDB5400094E58 /* BirdFactory.swift in Sources */,
				34EF6A2A2DA307DE001807AB /* BirDetailDisplayModel.swift in Sources */,
				2DB8FA1828AD40F900DF01CC /* AppDelegate.swift in Sources */,
				3482253C2D9EDB5400094E58 /* BirdRouter.swift in Sources */,
				2D09E6892CCAD87700F19817 /* birds.graphql in Sources */,
				34768D922DA400A100ED813D /* BirdViewController + SearchField.swift in Sources */,
				3482255E2D9F1CD800094E58 /* BirdDetailContract.swift in Sources */,
				348225392D9EDB5400094E58 /* BirdPresenter.swift in Sources */,
				2D09E6962CCAD8E100F19817 /* SchemaMetadata.graphql.swift in Sources */,
				34D524DE2DA059CB00C8961F /* Utils.swift in Sources */,
				2D09E6972CCAD8E100F19817 /* SchemaConfiguration.swift in Sources */,
				34EF6A252DA2EDD3001807AB /* BirdDisplayModel.swift in Sources */,
				348225452D9F113D00094E58 /* BirdCollectionViewCell.swift in Sources */,
				34D524CE2DA00A0900C8961F /* AddNoteBirdRouter.swift in Sources */,
				3482255F2D9F1CD800094E58 /* BirdDetailRouter.swift in Sources */,
				34D586702DA427AE003AAB59 /* BirdQuery.graphql.swift in Sources */,
				2D09E6A12CCADA6B00F19817 /* AddNoteMutation.graphql.swift in Sources */,
				2D09E6982CCAD8E100F19817 /* Query.graphql.swift in Sources */,
				348225372D9EDB5400094E58 /* BirdCloudDataSource.swift in Sources */,
				3482255C2D9F1CD800094E58 /* BirdDetailViewController.swift in Sources */,
				3482255A2D9F1CD800094E58 /* BirdDetailPresenter.swift in Sources */,
				2D09E6992CCAD8E100F19817 /* BirdsQuery.graphql.swift in Sources */,
				348225632D9F1D6A00094E58 /* BirdDetailCloudDataSource.swift in Sources */,
				34D524D02DA00A0900C8961F /* AddNoteBirdFactory.swift in Sources */,
				2D09E6A52CCADC3C00F19817 /* GraphQLClient.swift in Sources */,
				34D524D32DA00A0900C8961F /* AddNoteBirdContract.swift in Sources */,
				3482253E2D9EDB5400094E58 /* BirdInteractor.swift in Sources */,
				34D524CB2DA00A0900C8961F /* AddNoteBirdCloudDataSource.swift in Sources */,
				34D586742DA435B9003AAB59 /* ErrorBirdDetailViewCell.swift in Sources */,
				3482255D2D9F1CD800094E58 /* BirdDetailFactory.swift in Sources */,
				3482253B2D9EDB5400094E58 /* BirdViewController.swift in Sources */,
				2D09E69A2CCAD8E100F19817 /* ID.swift in Sources */,
				34D524D12DA00A0900C8961F /* AddNoteBirdViewController.swift in Sources */,
				2D09E69B2CCAD8E100F19817 /* Bird.graphql.swift in Sources */,
				2D09E69C2CCAD8E100F19817 /* GraphQL.graphql.swift in Sources */,
				348225592D9F1CD800094E58 /* BirdDetailInteractor.swift in Sources */,
				34D524DB2DA0585900C8961F /* AddNoteBirdModelResponse.swift in Sources */,
				348225162D9ED27C00094E58 /* Note.graphql.swift in Sources */,
				3482253F2D9EDB5400094E58 /* BirdContract.swift in Sources */,
				34D524CC2DA00A0900C8961F /* AddNoteBirdLocalDataSource.swift in Sources */,
				34D524D82DA0540900C8961F /* BirdDetailViewCell.swift in Sources */,
				34D524D22DA00A0900C8961F /* AddNoteBirdPresenter.swift in Sources */,
				348225642D9F1D6A00094E58 /* BirdDetailLocalDataSource.swift in Sources */,
				34D586642DA40CD7003AAB59 /* GenericLoadingIndicatorView.swift in Sources */,
				34D524D62DA048DF00C8961F /* BirdDetailHeaderView.swift in Sources */,
				34D524CD2DA00A0900C8961F /* AddNoteBirdInteractor.swift in Sources */,
				2D09E6A32CCADAA800F19817 /* Mutation.graphql.swift in Sources */,
				2DB8FA1A28AD40F900DF01CC /* SceneDelegate.swift in Sources */,
				34768D902DA4005900ED813D /* BirdViewController+TableView.swift in Sources */,
				348225382D9EDB5400094E58 /* BirdLocalDataSource.swift in Sources */,
				34D586722DA42F8C003AAB59 /* Notification.swift in Sources */,
			);
			runOnlyForDeploymentPostprocessing = 0;
		};
		34D586752DA44E21003AAB59 /* Sources */ = {
			isa = PBXSourcesBuildPhase;
			buildActionMask = 2147483647;
			files = (
				34D5867C2DA44E21003AAB59 /* TakeHomeTests.swift in Sources */,
				346E4D252DA46C2000C508CF /* BirdAddNoteInteractorTest.swift in Sources */,
				34D586862DA45028003AAB59 /* BirdInteractorTest.swift in Sources */,
				346E4D202DA468E200C508CF /* BirdDetailInteractorTest.swift in Sources */,
			);
			runOnlyForDeploymentPostprocessing = 0;
		};
/* End PBXSourcesBuildPhase section */

/* Begin PBXTargetDependency section */
		34D5867E2DA44E21003AAB59 /* PBXTargetDependency */ = {
			isa = PBXTargetDependency;
			target = 2DB8FA1328AD40F900DF01CC /* TakeHome */;
			targetProxy = 34D5867D2DA44E21003AAB59 /* PBXContainerItemProxy */;
		};
/* End PBXTargetDependency section */

/* Begin PBXVariantGroup section */
		2DB8FA2228AD40FA00DF01CC /* LaunchScreen.storyboard */ = {
			isa = PBXVariantGroup;
			children = (
				2DB8FA2328AD40FA00DF01CC /* Base */,
			);
			name = LaunchScreen.storyboard;
			sourceTree = "<group>";
		};
/* End PBXVariantGroup section */

/* Begin XCBuildConfiguration section */
		2DB8FA2628AD40FA00DF01CC /* Debug */ = {
			isa = XCBuildConfiguration;
			buildSettings = {
				ALWAYS_SEARCH_USER_PATHS = NO;
				CLANG_ANALYZER_NONNULL = YES;
				CLANG_ANALYZER_NUMBER_OBJECT_CONVERSION = YES_AGGRESSIVE;
				CLANG_CXX_LANGUAGE_STANDARD = "gnu++20";
				CLANG_ENABLE_MODULES = YES;
				CLANG_ENABLE_OBJC_ARC = YES;
				CLANG_ENABLE_OBJC_WEAK = YES;
				CLANG_WARN_BLOCK_CAPTURE_AUTORELEASING = YES;
				CLANG_WARN_BOOL_CONVERSION = YES;
				CLANG_WARN_COMMA = YES;
				CLANG_WARN_CONSTANT_CONVERSION = YES;
				CLANG_WARN_DEPRECATED_OBJC_IMPLEMENTATIONS = YES;
				CLANG_WARN_DIRECT_OBJC_ISA_USAGE = YES_ERROR;
				CLANG_WARN_DOCUMENTATION_COMMENTS = YES;
				CLANG_WARN_EMPTY_BODY = YES;
				CLANG_WARN_ENUM_CONVERSION = YES;
				CLANG_WARN_INFINITE_RECURSION = YES;
				CLANG_WARN_INT_CONVERSION = YES;
				CLANG_WARN_NON_LITERAL_NULL_CONVERSION = YES;
				CLANG_WARN_OBJC_IMPLICIT_RETAIN_SELF = YES;
				CLANG_WARN_OBJC_LITERAL_CONVERSION = YES;
				CLANG_WARN_OBJC_ROOT_CLASS = YES_ERROR;
				CLANG_WARN_QUOTED_INCLUDE_IN_FRAMEWORK_HEADER = YES;
				CLANG_WARN_RANGE_LOOP_ANALYSIS = YES;
				CLANG_WARN_STRICT_PROTOTYPES = YES;
				CLANG_WARN_SUSPICIOUS_MOVE = YES;
				CLANG_WARN_UNGUARDED_AVAILABILITY = YES_AGGRESSIVE;
				CLANG_WARN_UNREACHABLE_CODE = YES;
				CLANG_WARN__DUPLICATE_METHOD_MATCH = YES;
				CODE_SIGN_IDENTITY = "-";
				CODE_SIGN_STYLE = Manual;
				COPY_PHASE_STRIP = NO;
				CURRENT_PROJECT_VERSION = 1;
				DEBUG_INFORMATION_FORMAT = dwarf;
				ENABLE_STRICT_OBJC_MSGSEND = YES;
				ENABLE_TESTABILITY = YES;
				GCC_C_LANGUAGE_STANDARD = gnu11;
				GCC_DYNAMIC_NO_PIC = NO;
				GCC_NO_COMMON_BLOCKS = YES;
				GCC_OPTIMIZATION_LEVEL = 0;
				GCC_PREPROCESSOR_DEFINITIONS = (
					"DEBUG=1",
					"$(inherited)",
				);
				GCC_WARN_64_TO_32_BIT_CONVERSION = YES;
				GCC_WARN_ABOUT_RETURN_TYPE = YES_ERROR;
				GCC_WARN_UNDECLARED_SELECTOR = YES;
				GCC_WARN_UNINITIALIZED_AUTOS = YES_AGGRESSIVE;
				GCC_WARN_UNUSED_FUNCTION = YES;
				GCC_WARN_UNUSED_VARIABLE = YES;
				MARKETING_VERSION = 1.0;
				ONLY_ACTIVE_ARCH = YES;
				SWIFT_ACTIVE_COMPILATION_CONDITIONS = DEBUG;
				SWIFT_OPTIMIZATION_LEVEL = "-Onone";
			};
			name = Debug;
		};
		2DB8FA2728AD40FA00DF01CC /* Release */ = {
			isa = XCBuildConfiguration;
			buildSettings = {
				ALWAYS_SEARCH_USER_PATHS = NO;
				CLANG_ANALYZER_NONNULL = YES;
				CLANG_ANALYZER_NUMBER_OBJECT_CONVERSION = YES_AGGRESSIVE;
				CLANG_CXX_LANGUAGE_STANDARD = "gnu++20";
				CLANG_ENABLE_MODULES = YES;
				CLANG_ENABLE_OBJC_ARC = YES;
				CLANG_ENABLE_OBJC_WEAK = YES;
				CLANG_WARN_BLOCK_CAPTURE_AUTORELEASING = YES;
				CLANG_WARN_BOOL_CONVERSION = YES;
				CLANG_WARN_COMMA = YES;
				CLANG_WARN_CONSTANT_CONVERSION = YES;
				CLANG_WARN_DEPRECATED_OBJC_IMPLEMENTATIONS = YES;
				CLANG_WARN_DIRECT_OBJC_ISA_USAGE = YES_ERROR;
				CLANG_WARN_DOCUMENTATION_COMMENTS = YES;
				CLANG_WARN_EMPTY_BODY = YES;
				CLANG_WARN_ENUM_CONVERSION = YES;
				CLANG_WARN_INFINITE_RECURSION = YES;
				CLANG_WARN_INT_CONVERSION = YES;
				CLANG_WARN_NON_LITERAL_NULL_CONVERSION = YES;
				CLANG_WARN_OBJC_IMPLICIT_RETAIN_SELF = YES;
				CLANG_WARN_OBJC_LITERAL_CONVERSION = YES;
				CLANG_WARN_OBJC_ROOT_CLASS = YES_ERROR;
				CLANG_WARN_QUOTED_INCLUDE_IN_FRAMEWORK_HEADER = YES;
				CLANG_WARN_RANGE_LOOP_ANALYSIS = YES;
				CLANG_WARN_STRICT_PROTOTYPES = YES;
				CLANG_WARN_SUSPICIOUS_MOVE = YES;
				CLANG_WARN_UNGUARDED_AVAILABILITY = YES_AGGRESSIVE;
				CLANG_WARN_UNREACHABLE_CODE = YES;
				CLANG_WARN__DUPLICATE_METHOD_MATCH = YES;
				CODE_SIGN_IDENTITY = "-";
				CODE_SIGN_STYLE = Manual;
				COPY_PHASE_STRIP = NO;
				CURRENT_PROJECT_VERSION = 1;
				DEBUG_INFORMATION_FORMAT = "dwarf-with-dsym";
				ENABLE_NS_ASSERTIONS = NO;
				ENABLE_STRICT_OBJC_MSGSEND = YES;
				GCC_C_LANGUAGE_STANDARD = gnu11;
				GCC_NO_COMMON_BLOCKS = YES;
				GCC_WARN_64_TO_32_BIT_CONVERSION = YES;
				GCC_WARN_ABOUT_RETURN_TYPE = YES_ERROR;
				GCC_WARN_UNDECLARED_SELECTOR = YES;
				GCC_WARN_UNINITIALIZED_AUTOS = YES_AGGRESSIVE;
				GCC_WARN_UNUSED_FUNCTION = YES;
				GCC_WARN_UNUSED_VARIABLE = YES;
				MARKETING_VERSION = 1.0;
				SWIFT_COMPILATION_MODE = wholemodule;
				SWIFT_OPTIMIZATION_LEVEL = "-O";
				VALIDATE_PRODUCT = YES;
			};
			name = Release;
		};
		2DB8FA2928AD40FA00DF01CC /* Debug */ = {
			isa = XCBuildConfiguration;
			buildSettings = {
				ASSETCATALOG_COMPILER_APPICON_NAME = AppIcon;
				GENERATE_INFOPLIST_FILE = YES;
				INFOPLIST_FILE = TakeHome/Info.plist;
				INFOPLIST_KEY_UILaunchStoryboardName = LaunchScreen;
				INFOPLIST_KEY_UISupportedInterfaceOrientations_iPhone = UIInterfaceOrientationPortrait;
				IPHONEOS_DEPLOYMENT_TARGET = 15.0;
				LD_RUNPATH_SEARCH_PATHS = (
					"$(inherited)",
					"@executable_path/Frameworks",
				);
				PRODUCT_BUNDLE_IDENTIFIER = com.copilot.TakeHome;
				PRODUCT_NAME = "$(TARGET_NAME)";
				SDKROOT = iphoneos;
				SUPPORTS_MAC_DESIGNED_FOR_IPHONE_IPAD = NO;
				SWIFT_EMIT_LOC_STRINGS = YES;
				SWIFT_VERSION = 5.0;
				TARGETED_DEVICE_FAMILY = 1;
			};
			name = Debug;
		};
		2DB8FA2A28AD40FA00DF01CC /* Release */ = {
			isa = XCBuildConfiguration;
			buildSettings = {
				ASSETCATALOG_COMPILER_APPICON_NAME = AppIcon;
				GENERATE_INFOPLIST_FILE = YES;
				INFOPLIST_FILE = TakeHome/Info.plist;
				INFOPLIST_KEY_UILaunchStoryboardName = LaunchScreen;
				INFOPLIST_KEY_UISupportedInterfaceOrientations_iPhone = UIInterfaceOrientationPortrait;
				IPHONEOS_DEPLOYMENT_TARGET = 15.0;
				LD_RUNPATH_SEARCH_PATHS = (
					"$(inherited)",
					"@executable_path/Frameworks",
				);
				PRODUCT_BUNDLE_IDENTIFIER = com.copilot.TakeHome;
				PRODUCT_NAME = "$(TARGET_NAME)";
				SDKROOT = iphoneos;
				SUPPORTS_MAC_DESIGNED_FOR_IPHONE_IPAD = NO;
				SWIFT_EMIT_LOC_STRINGS = YES;
				SWIFT_VERSION = 5.0;
				TARGETED_DEVICE_FAMILY = 1;
			};
			name = Release;
		};
		34D586802DA44E21003AAB59 /* Debug */ = {
			isa = XCBuildConfiguration;
			buildSettings = {
				ASSETCATALOG_COMPILER_GENERATE_SWIFT_ASSET_SYMBOL_EXTENSIONS = YES;
				BUNDLE_LOADER = "$(TEST_HOST)";
				CODE_SIGN_STYLE = Automatic;
				CURRENT_PROJECT_VERSION = 1;
				DEVELOPMENT_TEAM = TA446M72A2;
				ENABLE_USER_SCRIPT_SANDBOXING = YES;
				GCC_C_LANGUAGE_STANDARD = gnu17;
				GENERATE_INFOPLIST_FILE = YES;
				IPHONEOS_DEPLOYMENT_TARGET = 17.0;
				LOCALIZATION_PREFERS_STRING_CATALOGS = YES;
				MARKETING_VERSION = 1.0;
				MTL_ENABLE_DEBUG_INFO = INCLUDE_SOURCE;
				MTL_FAST_MATH = YES;
				PRODUCT_BUNDLE_IDENTIFIER = fz.TakeHomeTests;
				PRODUCT_NAME = "$(TARGET_NAME)";
				SDKROOT = iphoneos;
				SWIFT_ACTIVE_COMPILATION_CONDITIONS = "DEBUG $(inherited)";
				SWIFT_EMIT_LOC_STRINGS = NO;
				SWIFT_VERSION = 5.0;
				TARGETED_DEVICE_FAMILY = "1,2";
				TEST_HOST = "$(BUILT_PRODUCTS_DIR)/TakeHome.app/$(BUNDLE_EXECUTABLE_FOLDER_PATH)/TakeHome";
			};
			name = Debug;
		};
		34D586812DA44E21003AAB59 /* Release */ = {
			isa = XCBuildConfiguration;
			buildSettings = {
				ASSETCATALOG_COMPILER_GENERATE_SWIFT_ASSET_SYMBOL_EXTENSIONS = YES;
				BUNDLE_LOADER = "$(TEST_HOST)";
				CODE_SIGN_STYLE = Automatic;
				CURRENT_PROJECT_VERSION = 1;
				DEVELOPMENT_TEAM = TA446M72A2;
				ENABLE_USER_SCRIPT_SANDBOXING = YES;
				GCC_C_LANGUAGE_STANDARD = gnu17;
				GENERATE_INFOPLIST_FILE = YES;
				IPHONEOS_DEPLOYMENT_TARGET = 17.0;
				LOCALIZATION_PREFERS_STRING_CATALOGS = YES;
				MARKETING_VERSION = 1.0;
				MTL_ENABLE_DEBUG_INFO = NO;
				MTL_FAST_MATH = YES;
				PRODUCT_BUNDLE_IDENTIFIER = fz.TakeHomeTests;
				PRODUCT_NAME = "$(TARGET_NAME)";
				SDKROOT = iphoneos;
				SWIFT_EMIT_LOC_STRINGS = NO;
				SWIFT_VERSION = 5.0;
				TARGETED_DEVICE_FAMILY = "1,2";
				TEST_HOST = "$(BUILT_PRODUCTS_DIR)/TakeHome.app/$(BUNDLE_EXECUTABLE_FOLDER_PATH)/TakeHome";
			};
			name = Release;
		};
/* End XCBuildConfiguration section */

/* Begin XCConfigurationList section */
		2DB8FA0F28AD40F900DF01CC /* Build configuration list for PBXProject "TakeHome" */ = {
			isa = XCConfigurationList;
			buildConfigurations = (
				2DB8FA2628AD40FA00DF01CC /* Debug */,
				2DB8FA2728AD40FA00DF01CC /* Release */,
			);
			defaultConfigurationIsVisible = 0;
			defaultConfigurationName = Release;
		};
		2DB8FA2828AD40FA00DF01CC /* Build configuration list for PBXNativeTarget "TakeHome" */ = {
			isa = XCConfigurationList;
			buildConfigurations = (
				2DB8FA2928AD40FA00DF01CC /* Debug */,
				2DB8FA2A28AD40FA00DF01CC /* Release */,
			);
			defaultConfigurationIsVisible = 0;
			defaultConfigurationName = Release;
		};
		34D5867F2DA44E21003AAB59 /* Build configuration list for PBXNativeTarget "TakeHomeTests" */ = {
			isa = XCConfigurationList;
			buildConfigurations = (
				34D586802DA44E21003AAB59 /* Debug */,
				34D586812DA44E21003AAB59 /* Release */,
			);
			defaultConfigurationIsVisible = 0;
			defaultConfigurationName = Release;
		};
/* End XCConfigurationList section */

/* Begin XCRemoteSwiftPackageReference section */
		2D09E6822CCAD67500F19817 /* XCRemoteSwiftPackageReference "apollo-ios" */ = {
			isa = XCRemoteSwiftPackageReference;
			repositoryURL = "https://github.com/apollographql/apollo-ios.git";
			requirement = {
				kind = upToNextMajorVersion;
				minimumVersion = 1.15.2;
			};
		};
/* End XCRemoteSwiftPackageReference section */

/* Begin XCSwiftPackageProductDependency section */
		2D09E6832CCAD67500F19817 /* Apollo */ = {
			isa = XCSwiftPackageProductDependency;
			package = 2D09E6822CCAD67500F19817 /* XCRemoteSwiftPackageReference "apollo-ios" */;
			productName = Apollo;
		};
/* End XCSwiftPackageProductDependency section */
	};
	rootObject = 2DB8FA0C28AD40F900DF01CC /* Project object */;
}
